
Microsoft Visual Studio Solution File, Format Version 12.00
# Visual Studio Version 16
VisualStudioVersion = 16.0.31515.178
MinimumVisualStudioVersion = 10.0.40219.1
Project("{FAE04EC0-301F-11D3-BF4B-00C04F79EFBC}") = "MemoryCacheAPI", "MemoryCacheAPI\MemoryCacheAPI.csproj", "{67A7BF3F-48C6-4A87-ABED-4292CCE5721C}"
EndProject
Global
	GlobalSection(SolutionConfigurationPlatforms) = preSolution
		Debug|Any CPU = Debug|Any CPU
		Release|Any CPU = Release|Any CPU
	EndGlobalSection
	GlobalSection(ProjectConfigurationPlatforms) = postSolution
		{67A7BF3F-48C6-4A87-ABED-4292CCE5721C}.Debug|Any CPU.ActiveCfg = Debug|Any CPU
		{67A7BF3F-48C6-4A87-ABED-4292CCE5721C}.Debug|Any CPU.Build.0 = Debug|Any CPU
		{67A7BF3F-48C6-4A87-ABED-4292CCE5721C}.Release|Any CPU.ActiveCfg = Release|Any CPU
		{67A7BF3F-48C6-4A87-ABED-4292CCE5721C}.Release|Any CPU.Build.0 = Release|Any CPU
	EndGlobalSection
	GlobalSection(SolutionProperties) = preSolution
		HideSolutionNode = FALSE
	EndGlobalSection
	GlobalSection(ExtensibilityGlobals) = postSolution
		SolutionGuid = {7CDD33F9-7CB6-4761-8DEA-42CD4D8F249B}
	EndGlobalSection
EndGlobal
